// !$*UTF8*$!
{
	archiveVersion = 1;
	classes = {
	};
	objectVersion = 56;
	objects = {

/* Begin PBXBuildFile section */
		CF072E8C2A87F6BB004540A9 /* CoinsStore.swift in Sources */ = {isa = PBXBuildFile; fileRef = CF072E8B2A87F6BB004540A9 /* CoinsStore.swift */; };
		CF072E8E2A87F6C8004540A9 /* GlobalStore.swift in Sources */ = {isa = PBXBuildFile; fileRef = CF072E8D2A87F6C8004540A9 /* GlobalStore.swift */; };
		CFCD089B2A843F4000094625 /* AppDelegate.swift in Sources */ = {isa = PBXBuildFile; fileRef = CFCD089A2A843F4000094625 /* AppDelegate.swift */; };
		CFCD089D2A843F4000094625 /* SceneDelegate.swift in Sources */ = {isa = PBXBuildFile; fileRef = CFCD089C2A843F4000094625 /* SceneDelegate.swift */; };
		CFCD089F2A843F4000094625 /* ViewController.swift in Sources */ = {isa = PBXBuildFile; fileRef = CFCD089E2A843F4000094625 /* ViewController.swift */; };
		CFCD08A22A843F4000094625 /* Main.storyboard in Resources */ = {isa = PBXBuildFile; fileRef = CFCD08A02A843F4000094625 /* Main.storyboard */; };
		CFCD08A42A843F4200094625 /* Assets.xcassets in Resources */ = {isa = PBXBuildFile; fileRef = CFCD08A32A843F4200094625 /* Assets.xcassets */; };
		CFCD08A72A843F4200094625 /* LaunchScreen.storyboard in Resources */ = {isa = PBXBuildFile; fileRef = CFCD08A52A843F4200094625 /* LaunchScreen.storyboard */; };
		CFCD08B22A84428600094625 /* CoinModel.swift in Sources */ = {isa = PBXBuildFile; fileRef = CFCD08B12A84428600094625 /* CoinModel.swift */; };
		CFCD08B42A844C9500094625 /* CurrentDataModel.swift in Sources */ = {isa = PBXBuildFile; fileRef = CFCD08B32A844C9500094625 /* CurrentDataModel.swift */; };
		CFCD08B62A84560B00094625 /* MarketChartModel.swift in Sources */ = {isa = PBXBuildFile; fileRef = CFCD08B52A84560B00094625 /* MarketChartModel.swift */; };
		CFCD08B82A8456B200094625 /* GraphicDataModel.swift in Sources */ = {isa = PBXBuildFile; fileRef = CFCD08B72A8456B200094625 /* GraphicDataModel.swift */; };
		CFCD08BA2A84574D00094625 /* GlobalModel.swift in Sources */ = {isa = PBXBuildFile; fileRef = CFCD08B92A84574D00094625 /* GlobalModel.swift */; };
		CFCD08BD2A845C7D00094625 /* GenericDataProvider.swift in Sources */ = {isa = PBXBuildFile; fileRef = CFCD08BC2A845C7D00094625 /* GenericDataProvider.swift */; };
		CFDA01302A858CC70072FF01 /* API.swift in Sources */ = {isa = PBXBuildFile; fileRef = CFDA012F2A858CC70072FF01 /* API.swift */; };
		CFDA01322A858E000072FF01 /* GenericStore.swift in Sources */ = {isa = PBXBuildFile; fileRef = CFDA01312A858E000072FF01 /* GenericStore.swift */; };
		CFDA01342A8591670072FF01 /* Extensions.swift in Sources */ = {isa = PBXBuildFile; fileRef = CFDA01332A8591670072FF01 /* Extensions.swift */; };
		CFDA01362A8599910072FF01 /* CoinsRouter.swift in Sources */ = {isa = PBXBuildFile; fileRef = CFDA01352A8599910072FF01 /* CoinsRouter.swift */; };
		CFDA01382A8599B60072FF01 /* GlobalRouter.swift in Sources */ = {isa = PBXBuildFile; fileRef = CFDA01372A8599B60072FF01 /* GlobalRouter.swift */; };
		CFF1D2122A88F6F800453DC3 /* LisCoinsDataProvider.swift in Sources */ = {isa = PBXBuildFile; fileRef = CFF1D2112A88F6F800453DC3 /* LisCoinsDataProvider.swift */; };
/* End PBXBuildFile section */

/* Begin PBXFileReference section */
		CF072E8B2A87F6BB004540A9 /* CoinsStore.swift */ = {isa = PBXFileReference; lastKnownFileType = sourcecode.swift; path = CoinsStore.swift; sourceTree = "<group>"; };
		CF072E8D2A87F6C8004540A9 /* GlobalStore.swift */ = {isa = PBXFileReference; lastKnownFileType = sourcecode.swift; path = GlobalStore.swift; sourceTree = "<group>"; };
		CFCD08972A843F4000094625 /* marketCoins.app */ = {isa = PBXFileReference; explicitFileType = wrapper.application; includeInIndex = 0; path = marketCoins.app; sourceTree = BUILT_PRODUCTS_DIR; };
		CFCD089A2A843F4000094625 /* AppDelegate.swift */ = {isa = PBXFileReference; lastKnownFileType = sourcecode.swift; path = AppDelegate.swift; sourceTree = "<group>"; };
		CFCD089C2A843F4000094625 /* SceneDelegate.swift */ = {isa = PBXFileReference; lastKnownFileType = sourcecode.swift; path = SceneDelegate.swift; sourceTree = "<group>"; };
		CFCD089E2A843F4000094625 /* ViewController.swift */ = {isa = PBXFileReference; lastKnownFileType = sourcecode.swift; path = ViewController.swift; sourceTree = "<group>"; };
		CFCD08A12A843F4000094625 /* Base */ = {isa = PBXFileReference; lastKnownFileType = file.storyboard; name = Base; path = Base.lproj/Main.storyboard; sourceTree = "<group>"; };
		CFCD08A32A843F4200094625 /* Assets.xcassets */ = {isa = PBXFileReference; lastKnownFileType = folder.assetcatalog; path = Assets.xcassets; sourceTree = "<group>"; };
		CFCD08A62A843F4200094625 /* Base */ = {isa = PBXFileReference; lastKnownFileType = file.storyboard; name = Base; path = Base.lproj/LaunchScreen.storyboard; sourceTree = "<group>"; };
		CFCD08A82A843F4200094625 /* Info.plist */ = {isa = PBXFileReference; lastKnownFileType = text.plist.xml; path = Info.plist; sourceTree = "<group>"; };
		CFCD08B12A84428600094625 /* CoinModel.swift */ = {isa = PBXFileReference; lastKnownFileType = sourcecode.swift; path = CoinModel.swift; sourceTree = "<group>"; };
		CFCD08B32A844C9500094625 /* CurrentDataModel.swift */ = {isa = PBXFileReference; lastKnownFileType = sourcecode.swift; path = CurrentDataModel.swift; sourceTree = "<group>"; };
		CFCD08B52A84560B00094625 /* MarketChartModel.swift */ = {isa = PBXFileReference; lastKnownFileType = sourcecode.swift; path = MarketChartModel.swift; sourceTree = "<group>"; };
		CFCD08B72A8456B200094625 /* GraphicDataModel.swift */ = {isa = PBXFileReference; lastKnownFileType = sourcecode.swift; path = GraphicDataModel.swift; sourceTree = "<group>"; };
		CFCD08B92A84574D00094625 /* GlobalModel.swift */ = {isa = PBXFileReference; lastKnownFileType = sourcecode.swift; path = GlobalModel.swift; sourceTree = "<group>"; };
		CFCD08BC2A845C7D00094625 /* GenericDataProvider.swift */ = {isa = PBXFileReference; lastKnownFileType = sourcecode.swift; path = GenericDataProvider.swift; sourceTree = "<group>"; };
		CFDA012F2A858CC70072FF01 /* API.swift */ = {isa = PBXFileReference; lastKnownFileType = sourcecode.swift; path = API.swift; sourceTree = "<group>"; };
		CFDA01312A858E000072FF01 /* GenericStore.swift */ = {isa = PBXFileReference; lastKnownFileType = sourcecode.swift; path = GenericStore.swift; sourceTree = "<group>"; };
		CFDA01332A8591670072FF01 /* Extensions.swift */ = {isa = PBXFileReference; lastKnownFileType = sourcecode.swift; path = Extensions.swift; sourceTree = "<group>"; };
		CFDA01352A8599910072FF01 /* CoinsRouter.swift */ = {isa = PBXFileReference; lastKnownFileType = sourcecode.swift; path = CoinsRouter.swift; sourceTree = "<group>"; };
		CFDA01372A8599B60072FF01 /* GlobalRouter.swift */ = {isa = PBXFileReference; lastKnownFileType = sourcecode.swift; path = GlobalRouter.swift; sourceTree = "<group>"; };
		CFF1D2112A88F6F800453DC3 /* LisCoinsDataProvider.swift */ = {isa = PBXFileReference; lastKnownFileType = sourcecode.swift; path = LisCoinsDataProvider.swift; sourceTree = "<group>"; };
/* End PBXFileReference section */

/* Begin PBXFrameworksBuildPhase section */
		CFCD08942A843F4000094625 /* Frameworks */ = {
			isa = PBXFrameworksBuildPhase;
			buildActionMask = 2147483647;
			files = (
			);
			runOnlyForDeploymentPostprocessing = 0;
		};
/* End PBXFrameworksBuildPhase section */

/* Begin PBXGroup section */
		CFCD088E2A843F4000094625 = {
			isa = PBXGroup;
			children = (
				CFCD08AE2A84400100094625 /* Domain */,
				CFCD08992A843F4000094625 /* marketCoins */,
				CFCD08982A843F4000094625 /* Products */,
			);
			sourceTree = "<group>";
		};
		CFCD08982A843F4000094625 /* Products */ = {
			isa = PBXGroup;
			children = (
				CFCD08972A843F4000094625 /* marketCoins.app */,
			);
			name = Products;
			sourceTree = "<group>";
		};
		CFCD08992A843F4000094625 /* marketCoins */ = {
			isa = PBXGroup;
			children = (
				CFCD089A2A843F4000094625 /* AppDelegate.swift */,
				CFCD089C2A843F4000094625 /* SceneDelegate.swift */,
				CFCD089E2A843F4000094625 /* ViewController.swift */,
				CFCD08A02A843F4000094625 /* Main.storyboard */,
				CFCD08A32A843F4200094625 /* Assets.xcassets */,
				CFCD08A52A843F4200094625 /* LaunchScreen.storyboard */,
				CFCD08A82A843F4200094625 /* Info.plist */,
				CFDA01332A8591670072FF01 /* Extensions.swift */,
			);
			path = marketCoins;
			sourceTree = "<group>";
		};
		CFCD08AE2A84400100094625 /* Domain */ = {
			isa = PBXGroup;
			children = (
				CFCD08B02A84404B00094625 /* Models */,
				CFCD08AF2A84401C00094625 /* DataProvider */,
			);
			path = Domain;
			sourceTree = "<group>";
		};
		CFCD08AF2A84401C00094625 /* DataProvider */ = {
			isa = PBXGroup;
			children = (
				CFF1D2102A88F6DC00453DC3 /* CoinsDataProvider */,
				CFCD08BB2A845C4E00094625 /* NetworkRepository */,
				CFCD08BC2A845C7D00094625 /* GenericDataProvider.swift */,
			);
			path = DataProvider;
			sourceTree = "<group>";
		};
		CFCD08B02A84404B00094625 /* Models */ = {
			isa = PBXGroup;
			children = (
				CFCD08B12A84428600094625 /* CoinModel.swift */,
				CFCD08B32A844C9500094625 /* CurrentDataModel.swift */,
				CFCD08B52A84560B00094625 /* MarketChartModel.swift */,
				CFCD08B72A8456B200094625 /* GraphicDataModel.swift */,
				CFCD08B92A84574D00094625 /* GlobalModel.swift */,
			);
			path = Models;
			sourceTree = "<group>";
		};
		CFCD08BB2A845C4E00094625 /* NetworkRepository */ = {
			isa = PBXGroup;
			children = (
				CFDA012E2A858CAB0072FF01 /* Store */,
				CFDA012C2A858C8E0072FF01 /* Router */,
				CFDA012B2A858C590072FF01 /* API */,
			);
			path = NetworkRepository;
			sourceTree = "<group>";
		};
		CFDA012B2A858C590072FF01 /* API */ = {
			isa = PBXGroup;
			children = (
				CFDA012F2A858CC70072FF01 /* API.swift */,
			);
			path = API;
			sourceTree = "<group>";
		};
		CFDA012C2A858C8E0072FF01 /* Router */ = {
			isa = PBXGroup;
			children = (
				CFDA01352A8599910072FF01 /* CoinsRouter.swift */,
				CFDA01372A8599B60072FF01 /* GlobalRouter.swift */,
			);
			path = Router;
			sourceTree = "<group>";
		};
		CFDA012E2A858CAB0072FF01 /* Store */ = {
			isa = PBXGroup;
			children = (
				CFDA01312A858E000072FF01 /* GenericStore.swift */,
				CF072E8B2A87F6BB004540A9 /* CoinsStore.swift */,
				CF072E8D2A87F6C8004540A9 /* GlobalStore.swift */,
			);
			path = Store;
			sourceTree = "<group>";
		};
		CFF1D2102A88F6DC00453DC3 /* CoinsDataProvider */ = {
			isa = PBXGroup;
			children = (
				CFF1D2112A88F6F800453DC3 /* LisCoinsDataProvider.swift */,
			);
			path = CoinsDataProvider;
			sourceTree = "<group>";
		};
/* End PBXGroup section */

/* Begin PBXNativeTarget section */
		CFCD08962A843F4000094625 /* marketCoins */ = {
			isa = PBXNativeTarget;
			buildConfigurationList = CFCD08AB2A843F4200094625 /* Build configuration list for PBXNativeTarget "marketCoins" */;
			buildPhases = (
				CFCD08932A843F4000094625 /* Sources */,
				CFCD08942A843F4000094625 /* Frameworks */,
				CFCD08952A843F4000094625 /* Resources */,
			);
			buildRules = (
			);
			dependencies = (
			);
			name = marketCoins;
			productName = marketCoins;
			productReference = CFCD08972A843F4000094625 /* marketCoins.app */;
			productType = "com.apple.product-type.application";
		};
/* End PBXNativeTarget section */

/* Begin PBXProject section */
		CFCD088F2A843F4000094625 /* Project object */ = {
			isa = PBXProject;
			attributes = {
				BuildIndependentTargetsInParallel = 1;
				LastSwiftUpdateCheck = 1430;
				LastUpgradeCheck = 1430;
				TargetAttributes = {
					CFCD08962A843F4000094625 = {
						CreatedOnToolsVersion = 14.3.1;
					};
				};
			};
			buildConfigurationList = CFCD08922A843F4000094625 /* Build configuration list for PBXProject "marketCoins" */;
			compatibilityVersion = "Xcode 14.0";
			developmentRegion = en;
			hasScannedForEncodings = 0;
			knownRegions = (
				en,
				Base,
			);
			mainGroup = CFCD088E2A843F4000094625;
			productRefGroup = CFCD08982A843F4000094625 /* Products */;
			projectDirPath = "";
			projectRoot = "";
			targets = (
				CFCD08962A843F4000094625 /* marketCoins */,
			);
		};
/* End PBXProject section */

/* Begin PBXResourcesBuildPhase section */
		CFCD08952A843F4000094625 /* Resources */ = {
			isa = PBXResourcesBuildPhase;
			buildActionMask = 2147483647;
			files = (
				CFCD08A72A843F4200094625 /* LaunchScreen.storyboard in Resources */,
				CFCD08A42A843F4200094625 /* Assets.xcassets in Resources */,
				CFCD08A22A843F4000094625 /* Main.storyboard in Resources */,
			);
			runOnlyForDeploymentPostprocessing = 0;
		};
/* End PBXResourcesBuildPhase section */

/* Begin PBXSourcesBuildPhase section */
		CFCD08932A843F4000094625 /* Sources */ = {
			isa = PBXSourcesBuildPhase;
			buildActionMask = 2147483647;
			files = (
				CFCD08B62A84560B00094625 /* MarketChartModel.swift in Sources */,
				CFCD08B22A84428600094625 /* CoinModel.swift in Sources */,
				CFDA01362A8599910072FF01 /* CoinsRouter.swift in Sources */,
				CFDA01382A8599B60072FF01 /* GlobalRouter.swift in Sources */,
				CFF1D2122A88F6F800453DC3 /* LisCoinsDataProvider.swift in Sources */,
				CFCD08B82A8456B200094625 /* GraphicDataModel.swift in Sources */,
				CFDA01322A858E000072FF01 /* GenericStore.swift in Sources */,
				CFCD089F2A843F4000094625 /* ViewController.swift in Sources */,
				CFDA01302A858CC70072FF01 /* API.swift in Sources */,
				CFCD089B2A843F4000094625 /* AppDelegate.swift in Sources */,
				CF072E8C2A87F6BB004540A9 /* CoinsStore.swift in Sources */,
				CF072E8E2A87F6C8004540A9 /* GlobalStore.swift in Sources */,
				CFDA01342A8591670072FF01 /* Extensions.swift in Sources */,
				CFCD08B42A844C9500094625 /* CurrentDataModel.swift in Sources */,
				CFCD08BA2A84574D00094625 /* GlobalModel.swift in Sources */,
				CFCD08BD2A845C7D00094625 /* GenericDataProvider.swift in Sources */,
				CFCD089D2A843F4000094625 /* SceneDelegate.swift in Sources */,
			);
			runOnlyForDeploymentPostprocessing = 0;
		};
/* End PBXSourcesBuildPhase section */

/* Begin PBXVariantGroup section */
		CFCD08A02A843F4000094625 /* Main.storyboard */ = {
			isa = PBXVariantGroup;
			children = (
				CFCD08A12A843F4000094625 /* Base */,
			);
			name = Main.storyboard;
			sourceTree = "<group>";
		};
		CFCD08A52A843F4200094625 /* LaunchScreen.storyboard */ = {
			isa = PBXVariantGroup;
			children = (
				CFCD08A62A843F4200094625 /* Base */,
			);
			name = LaunchScreen.storyboard;
			sourceTree = "<group>";
		};
/* End PBXVariantGroup section */

/* Begin XCBuildConfiguration section */
		CFCD08A92A843F4200094625 /* Debug */ = {
			isa = XCBuildConfiguration;
			buildSettings = {
				ALWAYS_SEARCH_USER_PATHS = NO;
				CLANG_ANALYZER_NONNULL = YES;
				CLANG_ANALYZER_NUMBER_OBJECT_CONVERSION = YES_AGGRESSIVE;
				CLANG_CXX_LANGUAGE_STANDARD = "gnu++20";
				CLANG_ENABLE_MODULES = YES;
				CLANG_ENABLE_OBJC_ARC = YES;
				CLANG_ENABLE_OBJC_WEAK = YES;
				CLANG_WARN_BLOCK_CAPTURE_AUTORELEASING = YES;
				CLANG_WARN_BOOL_CONVERSION = YES;
				CLANG_WARN_COMMA = YES;
				CLANG_WARN_CONSTANT_CONVERSION = YES;
				CLANG_WARN_DEPRECATED_OBJC_IMPLEMENTATIONS = YES;
				CLANG_WARN_DIRECT_OBJC_ISA_USAGE = YES_ERROR;
				CLANG_WARN_DOCUMENTATION_COMMENTS = YES;
				CLANG_WARN_EMPTY_BODY = YES;
				CLANG_WARN_ENUM_CONVERSION = YES;
				CLANG_WARN_INFINITE_RECURSION = YES;
				CLANG_WARN_INT_CONVERSION = YES;
				CLANG_WARN_NON_LITERAL_NULL_CONVERSION = YES;
				CLANG_WARN_OBJC_IMPLICIT_RETAIN_SELF = YES;
				CLANG_WARN_OBJC_LITERAL_CONVERSION = YES;
				CLANG_WARN_OBJC_ROOT_CLASS = YES_ERROR;
				CLANG_WARN_QUOTED_INCLUDE_IN_FRAMEWORK_HEADER = YES;
				CLANG_WARN_RANGE_LOOP_ANALYSIS = YES;
				CLANG_WARN_STRICT_PROTOTYPES = YES;
				CLANG_WARN_SUSPICIOUS_MOVE = YES;
				CLANG_WARN_UNGUARDED_AVAILABILITY = YES_AGGRESSIVE;
				CLANG_WARN_UNREACHABLE_CODE = YES;
				CLANG_WARN__DUPLICATE_METHOD_MATCH = YES;
				COPY_PHASE_STRIP = NO;
				DEBUG_INFORMATION_FORMAT = dwarf;
				ENABLE_STRICT_OBJC_MSGSEND = YES;
				ENABLE_TESTABILITY = YES;
				GCC_C_LANGUAGE_STANDARD = gnu11;
				GCC_DYNAMIC_NO_PIC = NO;
				GCC_NO_COMMON_BLOCKS = YES;
				GCC_OPTIMIZATION_LEVEL = 0;
				GCC_PREPROCESSOR_DEFINITIONS = (
					"DEBUG=1",
					"$(inherited)",
				);
				GCC_WARN_64_TO_32_BIT_CONVERSION = YES;
				GCC_WARN_ABOUT_RETURN_TYPE = YES_ERROR;
				GCC_WARN_UNDECLARED_SELECTOR = YES;
				GCC_WARN_UNINITIALIZED_AUTOS = YES_AGGRESSIVE;
				GCC_WARN_UNUSED_FUNCTION = YES;
				GCC_WARN_UNUSED_VARIABLE = YES;
				IPHONEOS_DEPLOYMENT_TARGET = 16.4;
				MTL_ENABLE_DEBUG_INFO = INCLUDE_SOURCE;
				MTL_FAST_MATH = YES;
				ONLY_ACTIVE_ARCH = YES;
				SDKROOT = iphoneos;
				SWIFT_ACTIVE_COMPILATION_CONDITIONS = DEBUG;
				SWIFT_OPTIMIZATION_LEVEL = "-Onone";
			};
			name = Debug;
		};
		CFCD08AA2A843F4200094625 /* Release */ = {
			isa = XCBuildConfiguration;
			buildSettings = {
				ALWAYS_SEARCH_USER_PATHS = NO;
				CLANG_ANALYZER_NONNULL = YES;
				CLANG_ANALYZER_NUMBER_OBJECT_CONVERSION = YES_AGGRESSIVE;
				CLANG_CXX_LANGUAGE_STANDARD = "gnu++20";
				CLANG_ENABLE_MODULES = YES;
				CLANG_ENABLE_OBJC_ARC = YES;
				CLANG_ENABLE_OBJC_WEAK = YES;
				CLANG_WARN_BLOCK_CAPTURE_AUTORELEASING = YES;
				CLANG_WARN_BOOL_CONVERSION = YES;
				CLANG_WARN_COMMA = YES;
				CLANG_WARN_CONSTANT_CONVERSION = YES;
				CLANG_WARN_DEPRECATED_OBJC_IMPLEMENTATIONS = YES;
				CLANG_WARN_DIRECT_OBJC_ISA_USAGE = YES_ERROR;
				CLANG_WARN_DOCUMENTATION_COMMENTS = YES;
				CLANG_WARN_EMPTY_BODY = YES;
				CLANG_WARN_ENUM_CONVERSION = YES;
				CLANG_WARN_INFINITE_RECURSION = YES;
				CLANG_WARN_INT_CONVERSION = YES;
				CLANG_WARN_NON_LITERAL_NULL_CONVERSION = YES;
				CLANG_WARN_OBJC_IMPLICIT_RETAIN_SELF = YES;
				CLANG_WARN_OBJC_LITERAL_CONVERSION = YES;
				CLANG_WARN_OBJC_ROOT_CLASS = YES_ERROR;
				CLANG_WARN_QUOTED_INCLUDE_IN_FRAMEWORK_HEADER = YES;
				CLANG_WARN_RANGE_LOOP_ANALYSIS = YES;
				CLANG_WARN_STRICT_PROTOTYPES = YES;
				CLANG_WARN_SUSPICIOUS_MOVE = YES;
				CLANG_WARN_UNGUARDED_AVAILABILITY = YES_AGGRESSIVE;
				CLANG_WARN_UNREACHABLE_CODE = YES;
				CLANG_WARN__DUPLICATE_METHOD_MATCH = YES;
				COPY_PHASE_STRIP = NO;
				DEBUG_INFORMATION_FORMAT = "dwarf-with-dsym";
				ENABLE_NS_ASSERTIONS = NO;
				ENABLE_STRICT_OBJC_MSGSEND = YES;
				GCC_C_LANGUAGE_STANDARD = gnu11;
				GCC_NO_COMMON_BLOCKS = YES;
				GCC_WARN_64_TO_32_BIT_CONVERSION = YES;
				GCC_WARN_ABOUT_RETURN_TYPE = YES_ERROR;
				GCC_WARN_UNDECLARED_SELECTOR = YES;
				GCC_WARN_UNINITIALIZED_AUTOS = YES_AGGRESSIVE;
				GCC_WARN_UNUSED_FUNCTION = YES;
				GCC_WARN_UNUSED_VARIABLE = YES;
				IPHONEOS_DEPLOYMENT_TARGET = 16.4;
				MTL_ENABLE_DEBUG_INFO = NO;
				MTL_FAST_MATH = YES;
				SDKROOT = iphoneos;
				SWIFT_COMPILATION_MODE = wholemodule;
				SWIFT_OPTIMIZATION_LEVEL = "-O";
				VALIDATE_PRODUCT = YES;
			};
			name = Release;
		};
		CFCD08AC2A843F4200094625 /* Debug */ = {
			isa = XCBuildConfiguration;
			buildSettings = {
				ASSETCATALOG_COMPILER_APPICON_NAME = AppIcon;
				ASSETCATALOG_COMPILER_GLOBAL_ACCENT_COLOR_NAME = AccentColor;
				CODE_SIGN_STYLE = Automatic;
				CURRENT_PROJECT_VERSION = 1;
				GENERATE_INFOPLIST_FILE = YES;
				INFOPLIST_FILE = marketCoins/Info.plist;
				INFOPLIST_KEY_LSApplicationCategoryType = "public.app-category.finance";
				INFOPLIST_KEY_UIApplicationSupportsIndirectInputEvents = YES;
				INFOPLIST_KEY_UILaunchStoryboardName = LaunchScreen;
				INFOPLIST_KEY_UIMainStoryboardFile = Main;
				INFOPLIST_KEY_UISupportedInterfaceOrientations = UIInterfaceOrientationPortrait;
				INFOPLIST_KEY_UISupportedInterfaceOrientations_iPad = "UIInterfaceOrientationLandscapeLeft UIInterfaceOrientationLandscapeRight UIInterfaceOrientationPortrait UIInterfaceOrientationPortraitUpsideDown";
				LD_RUNPATH_SEARCH_PATHS = (
					"$(inherited)",
					"@executable_path/Frameworks",
				);
				MARKETING_VERSION = 1.0;
				PRODUCT_BUNDLE_IDENTIFIER = dio.project.vip.marketCoins;
				PRODUCT_NAME = "$(TARGET_NAME)";
				SUPPORTED_PLATFORMS = "iphoneos iphonesimulator";
				SUPPORTS_MACCATALYST = NO;
				SUPPORTS_MAC_DESIGNED_FOR_IPHONE_IPAD = NO;
				SWIFT_EMIT_LOC_STRINGS = YES;
				SWIFT_VERSION = 5.0;
				TARGETED_DEVICE_FAMILY = 1;
			};
			name = Debug;
		};
		CFCD08AD2A843F4200094625 /* Release */ = {
			isa = XCBuildConfiguration;
			buildSettings = {
				ASSETCATALOG_COMPILER_APPICON_NAME = AppIcon;
				ASSETCATALOG_COMPILER_GLOBAL_ACCENT_COLOR_NAME = AccentColor;
				CODE_SIGN_STYLE = Automatic;
				CURRENT_PROJECT_VERSION = 1;
				GENERATE_INFOPLIST_FILE = YES;
				INFOPLIST_FILE = marketCoins/Info.plist;
				INFOPLIST_KEY_LSApplicationCategoryType = "public.app-category.finance";
				INFOPLIST_KEY_UIApplicationSupportsIndirectInputEvents = YES;
				INFOPLIST_KEY_UILaunchStoryboardName = LaunchScreen;
				INFOPLIST_KEY_UIMainStoryboardFile = Main;
				INFOPLIST_KEY_UISupportedInterfaceOrientations = UIInterfaceOrientationPortrait;
				INFOPLIST_KEY_UISupportedInterfaceOrientations_iPad = "UIInterfaceOrientationLandscapeLeft UIInterfaceOrientationLandscapeRight UIInterfaceOrientationPortrait UIInterfaceOrientationPortraitUpsideDown";
				LD_RUNPATH_SEARCH_PATHS = (
					"$(inherited)",
					"@executable_path/Frameworks",
				);
				MARKETING_VERSION = 1.0;
				PRODUCT_BUNDLE_IDENTIFIER = dio.project.vip.marketCoins;
				PRODUCT_NAME = "$(TARGET_NAME)";
				SUPPORTED_PLATFORMS = "iphoneos iphonesimulator";
				SUPPORTS_MACCATALYST = NO;
				SUPPORTS_MAC_DESIGNED_FOR_IPHONE_IPAD = NO;
				SWIFT_EMIT_LOC_STRINGS = YES;
				SWIFT_VERSION = 5.0;
				TARGETED_DEVICE_FAMILY = 1;
			};
			name = Release;
		};
/* End XCBuildConfiguration section */

/* Begin XCConfigurationList section */
		CFCD08922A843F4000094625 /* Build configuration list for PBXProject "marketCoins" */ = {
			isa = XCConfigurationList;
			buildConfigurations = (
				CFCD08A92A843F4200094625 /* Debug */,
				CFCD08AA2A843F4200094625 /* Release */,
			);
			defaultConfigurationIsVisible = 0;
			defaultConfigurationName = Release;
		};
		CFCD08AB2A843F4200094625 /* Build configuration list for PBXNativeTarget "marketCoins" */ = {
			isa = XCConfigurationList;
			buildConfigurations = (
				CFCD08AC2A843F4200094625 /* Debug */,
				CFCD08AD2A843F4200094625 /* Release */,
			);
			defaultConfigurationIsVisible = 0;
			defaultConfigurationName = Release;
		};
/* End XCConfigurationList section */
	};
	rootObject = CFCD088F2A843F4000094625 /* Project object */;
}
